
Microsoft Visual Studio Solution File, Format Version 12.00
# Visual Studio Version 17
VisualStudioVersion = 17.9.34728.123
MinimumVisualStudioVersion = 10.0.40219.1
Project("{8BC9CEB8-8B4A-11D0-8D11-00A0C91BC942}") = "BakaDevBouncingBall", "BakaDevBouncingBall\BakaDevBouncingBall.vcxproj", "{4C0DE59A-A82E-4A57-85FD-2D0942DF1451}"
EndProject
Global
	GlobalSection(SolutionConfigurationPlatforms) = preSolution
		Debug|Win32 = Debug|Win32
		Release|Win32 = Release|Win32
	EndGlobalSection
	GlobalSection(ProjectConfigurationPlatforms) = postSolution
		{4C0DE59A-A82E-4A57-85FD-2D0942DF1451}.Debug|Win32.ActiveCfg = Debug|Win32
		{4C0DE59A-A82E-4A57-85FD-2D0942DF1451}.Debug|Win32.Build.0 = Debug|Win32
		{4C0DE59A-A82E-4A57-85FD-2D0942DF1451}.Release|Win32.ActiveCfg = Release|Win32
		{4C0DE59A-A82E-4A57-85FD-2D0942DF1451}.Release|Win32.Build.0 = Release|Win32
	EndGlobalSection
	GlobalSection(SolutionProperties) = preSolution
		HideSolutionNode = FALSE
	EndGlobalSection
	GlobalSection(ExtensibilityGlobals) = postSolution
		SolutionGuid = {8DB7BB23-66FC-44D6-83B0-A238C3CC7C5F}
	EndGlobalSection
EndGlobal
